
Microsoft Visual Studio Solution File, Format Version 12.00
# Visual Studio Version 17
VisualStudioVersion = 17.4.33122.133
MinimumVisualStudioVersion = 10.0.40219.1
Project("{FAE04EC0-301F-11D3-BF4B-00C04F79EFBC}") = "SistemaDeEncomendas", "SistemaDeEncomendas.csproj", "{A86D4ADD-96FF-4DAA-BF20-12A772DB270A}"
EndProject
Global
	GlobalSection(SolutionConfigurationPlatforms) = preSolution
		Debug|Any CPU = Debug|Any CPU
		Release|Any CPU = Release|Any CPU
	EndGlobalSection
	GlobalSection(ProjectConfigurationPlatforms) = postSolution
		{A86D4ADD-96FF-4DAA-BF20-12A772DB270A}.Debug|Any CPU.ActiveCfg = Debug|Any CPU
		{A86D4ADD-96FF-4DAA-BF20-12A772DB270A}.Debug|Any CPU.Build.0 = Debug|Any CPU
		{A86D4ADD-96FF-4DAA-BF20-12A772DB270A}.Release|Any CPU.ActiveCfg = Release|Any CPU
		{A86D4ADD-96FF-4DAA-BF20-12A772DB270A}.Release|Any CPU.Build.0 = Release|Any CPU
	EndGlobalSection
	GlobalSection(SolutionProperties) = preSolution
		HideSolutionNode = FALSE
	EndGlobalSection
	GlobalSection(ExtensibilityGlobals) = postSolution
		SolutionGuid = {73C6D458-546B-484E-809A-E493A2FB6E00}
	EndGlobalSection
EndGlobal
